
Microsoft Visual Studio Solution File, Format Version 12.00
# Visual Studio Version 16
VisualStudioVersion = 16.0.32802.440
MinimumVisualStudioVersion = 10.0.40219.1
Project("{8BC9CEB8-8B4A-11D0-8D11-00A0C91BC942}") = "abstract_factory_pattern", "abstract_factory_pattern\abstract_factory_pattern.vcxproj", "{111D8231-8553-498D-9C18-5CABC0879245}"
EndProject
Global
	GlobalSection(SolutionConfigurationPlatforms) = preSolution
		Debug|x64 = Debug|x64
		Debug|x86 = Debug|x86
		Release|x64 = Release|x64
		Release|x86 = Release|x86
	EndGlobalSection
	GlobalSection(ProjectConfigurationPlatforms) = postSolution
		{111D8231-8553-498D-9C18-5CABC0879245}.Debug|x64.ActiveCfg = Debug|x64
		{111D8231-8553-498D-9C18-5CABC0879245}.Debug|x64.Build.0 = Debug|x64
		{111D8231-8553-498D-9C18-5CABC0879245}.Debug|x86.ActiveCfg = Debug|Win32
		{111D8231-8553-498D-9C18-5CABC0879245}.Debug|x86.Build.0 = Debug|Win32
		{111D8231-8553-498D-9C18-5CABC0879245}.Release|x64.ActiveCfg = Release|x64
		{111D8231-8553-498D-9C18-5CABC0879245}.Release|x64.Build.0 = Release|x64
		{111D8231-8553-498D-9C18-5CABC0879245}.Release|x86.ActiveCfg = Release|Win32
		{111D8231-8553-498D-9C18-5CABC0879245}.Release|x86.Build.0 = Release|Win32
	EndGlobalSection
	GlobalSection(SolutionProperties) = preSolution
		HideSolutionNode = FALSE
	EndGlobalSection
	GlobalSection(ExtensibilityGlobals) = postSolution
		SolutionGuid = {DF36378A-82BC-49C6-AD0C-EB22CCE41800}
	EndGlobalSection
EndGlobal
